// !$*UTF8*$!
{
	archiveVersion = 1;
	classes = {
	};
	objectVersion = 55;
	objects = {

/* Begin PBXBuildFile section */
		AE319F0A28852898002265BB /* AppDelegate.swift in Sources */ = {isa = PBXBuildFile; fileRef = AE319F0928852898002265BB /* AppDelegate.swift */; };
		AE319F0C28852898002265BB /* SceneDelegate.swift in Sources */ = {isa = PBXBuildFile; fileRef = AE319F0B28852898002265BB /* SceneDelegate.swift */; };
		AE319F0E28852898002265BB /* ViewController.swift in Sources */ = {isa = PBXBuildFile; fileRef = AE319F0D28852898002265BB /* ViewController.swift */; };
		AE319F1128852898002265BB /* Main.storyboard in Resources */ = {isa = PBXBuildFile; fileRef = AE319F0F28852898002265BB /* Main.storyboard */; };
		AE319F132885289A002265BB /* Assets.xcassets in Resources */ = {isa = PBXBuildFile; fileRef = AE319F122885289A002265BB /* Assets.xcassets */; };
		AE319F162885289A002265BB /* LaunchScreen.storyboard in Resources */ = {isa = PBXBuildFile; fileRef = AE319F142885289A002265BB /* LaunchScreen.storyboard */; };
		AE319F1E288528D0002265BB /* TableViewController.swift in Sources */ = {isa = PBXBuildFile; fileRef = AE319F1D288528D0002265BB /* TableViewController.swift */; };
		AE319F202885290F002265BB /* Setting.storyboard in Resources */ = {isa = PBXBuildFile; fileRef = AE319F1F2885290F002265BB /* Setting.storyboard */; };
		AE319F232885294F002265BB /* SecondTableViewController.swift in Sources */ = {isa = PBXBuildFile; fileRef = AE319F212885294F002265BB /* SecondTableViewController.swift */; };
		AE319F2628852B1E002265BB /* SecondTableViewController.storyboard in Resources */ = {isa = PBXBuildFile; fileRef = AE319F2528852B1E002265BB /* SecondTableViewController.storyboard */; };
		AE71D0EC2886300200B10E6C /* NewSettingTableViewController.storyboard in Resources */ = {isa = PBXBuildFile; fileRef = AE71D0EB2886300200B10E6C /* NewSettingTableViewController.storyboard */; };
		AE71D0EE2886305A00B10E6C /* NewSettingTableViewController.swift in Sources */ = {isa = PBXBuildFile; fileRef = AE71D0ED2886305A00B10E6C /* NewSettingTableViewController.swift */; };
		AE71D0F02886401100B10E6C /* Search.storyboard in Resources */ = {isa = PBXBuildFile; fileRef = AE71D0EF2886401100B10E6C /* Search.storyboard */; };
		AE71D0F22886404700B10E6C /* Trend.storyboard in Resources */ = {isa = PBXBuildFile; fileRef = AE71D0F12886404700B10E6C /* Trend.storyboard */; };
		AE71D0F6288643FA00B10E6C /* TrendViewController.swift in Sources */ = {isa = PBXBuildFile; fileRef = AE71D0F5288643FA00B10E6C /* TrendViewController.swift */; };
		AE71D0FA2886453200B10E6C /* UIViewController+Extension.swift in Sources */ = {isa = PBXBuildFile; fileRef = AE71D0F92886453200B10E6C /* UIViewController+Extension.swift */; };
		AE71D0FC2886478F00B10E6C /* UITextField+Extension.swift in Sources */ = {isa = PBXBuildFile; fileRef = AE71D0FB2886478F00B10E6C /* UITextField+Extension.swift */; };
		AE71D0FE28864B9500B10E6C /* BucketlistTableViewController.swift in Sources */ = {isa = PBXBuildFile; fileRef = AE71D0FD28864B9500B10E6C /* BucketlistTableViewController.swift */; };
		AE71D10028864D9600B10E6C /* BucketlistTableViewCell.swift in Sources */ = {isa = PBXBuildFile; fileRef = AE71D0FF28864D9600B10E6C /* BucketlistTableViewCell.swift */; };
		AE71D10328868F6900B10E6C /* Shopping.storyboard in Resources */ = {isa = PBXBuildFile; fileRef = AE71D10228868F6900B10E6C /* Shopping.storyboard */; };
		AE71D107288693F000B10E6C /* ShoppingTableViewController.swift in Sources */ = {isa = PBXBuildFile; fileRef = AE71D106288693F000B10E6C /* ShoppingTableViewController.swift */; };
		AE71D10D288696F400B10E6C /* ShoppingTableViewCell.swift in Sources */ = {isa = PBXBuildFile; fileRef = AE71D10C288696F400B10E6C /* ShoppingTableViewCell.swift */; };
		AE71D1112886A94B00B10E6C /* SearchTableViewController.swift in Sources */ = {isa = PBXBuildFile; fileRef = AE71D1102886A94B00B10E6C /* SearchTableViewController.swift */; };
		AE71D1132886AC1F00B10E6C /* SearchTableViewCell.swift in Sources */ = {isa = PBXBuildFile; fileRef = AE71D1122886AC1F00B10E6C /* SearchTableViewCell.swift */; };
		AE71D15C2887800200B10E6C /* Setting2.swift in Sources */ = {isa = PBXBuildFile; fileRef = AE71D15A2887800200B10E6C /* Setting2.swift */; };
		AE71D15F2887804E00B10E6C /* Setting2.storyboard in Resources */ = {isa = PBXBuildFile; fileRef = AE71D15E2887804E00B10E6C /* Setting2.storyboard */; };
		AE71D1612887871A00B10E6C /* Setting2TableViewController.swift in Sources */ = {isa = PBXBuildFile; fileRef = AE71D1602887871A00B10E6C /* Setting2TableViewController.swift */; };
		AE71D1632887876800B10E6C /* Setting2TableViewCell.swift in Sources */ = {isa = PBXBuildFile; fileRef = AE71D1622887876800B10E6C /* Setting2TableViewCell.swift */; };
		AE71D16528878CA100B10E6C /* MovieStruct.swift in Sources */ = {isa = PBXBuildFile; fileRef = AE71D16428878CA100B10E6C /* MovieStruct.swift */; };
		AE71D1692887953700B10E6C /* MovieInfo.swift in Sources */ = {isa = PBXBuildFile; fileRef = AE71D1682887953600B10E6C /* MovieInfo.swift */; };
		AE71D16B28879AB100B10E6C /* RecommendCollectionViewController.swift in Sources */ = {isa = PBXBuildFile; fileRef = AE71D16A28879AB100B10E6C /* RecommendCollectionViewController.swift */; };
		AE71D16D28879E1F00B10E6C /* RecommendCollectionViewCell.swift in Sources */ = {isa = PBXBuildFile; fileRef = AE71D16C28879E1F00B10E6C /* RecommendCollectionViewCell.swift */; };
		AE71D1702887AE4F00B10E6C /* Kingfisher in Frameworks */ = {isa = PBXBuildFile; productRef = AE71D16F2887AE4F00B10E6C /* Kingfisher */; };
		AE71D1732887AE6700B10E6C /* Toast in Frameworks */ = {isa = PBXBuildFile; productRef = AE71D1722887AE6700B10E6C /* Toast */; };
		AE95184C28B761E2006AADE5 /* FileManager+Extension.swift in Sources */ = {isa = PBXBuildFile; fileRef = AE95184B28B761E2006AADE5 /* FileManager+Extension.swift */; };
		AE95184E28B761EF006AADE5 /* Transition+Extension.swift in Sources */ = {isa = PBXBuildFile; fileRef = AE95184D28B761EF006AADE5 /* Transition+Extension.swift */; };
		AE95185228B76986006AADE5 /* BackupViewController.swift in Sources */ = {isa = PBXBuildFile; fileRef = AE95185128B76986006AADE5 /* BackupViewController.swift */; };
		AE95185528B769E3006AADE5 /* Zip in Frameworks */ = {isa = PBXBuildFile; productRef = AE95185428B769E3006AADE5 /* Zip */; };
		AE95185828B76B89006AADE5 /* Then in Frameworks */ = {isa = PBXBuildFile; productRef = AE95185728B76B89006AADE5 /* Then */; };
		AE95185B28B76F2B006AADE5 /* SnapKit in Frameworks */ = {isa = PBXBuildFile; productRef = AE95185A28B76F2B006AADE5 /* SnapKit */; };
		AEB365C828B3580500B6F75D /* RealmModel.swift in Sources */ = {isa = PBXBuildFile; fileRef = AEB365C728B3580500B6F75D /* RealmModel.swift */; };
		AEB365CB28B3583000B6F75D /* Realm in Frameworks */ = {isa = PBXBuildFile; productRef = AEB365CA28B3583000B6F75D /* Realm */; };
		AEB365CD28B3583000B6F75D /* RealmSwift in Frameworks */ = {isa = PBXBuildFile; productRef = AEB365CC28B3583000B6F75D /* RealmSwift */; };
		AEF685172888E75100BABA4D /* TrendTableViewController.swift in Sources */ = {isa = PBXBuildFile; fileRef = AEF685162888E75100BABA4D /* TrendTableViewController.swift */; };
/* End PBXBuildFile section */

/* Begin PBXFileReference section */
		AE319F0628852898002265BB /* TrendMedia.app */ = {isa = PBXFileReference; explicitFileType = wrapper.application; includeInIndex = 0; path = TrendMedia.app; sourceTree = BUILT_PRODUCTS_DIR; };
		AE319F0928852898002265BB /* AppDelegate.swift */ = {isa = PBXFileReference; lastKnownFileType = sourcecode.swift; path = AppDelegate.swift; sourceTree = "<group>"; };
		AE319F0B28852898002265BB /* SceneDelegate.swift */ = {isa = PBXFileReference; lastKnownFileType = sourcecode.swift; path = SceneDelegate.swift; sourceTree = "<group>"; };
		AE319F0D28852898002265BB /* ViewController.swift */ = {isa = PBXFileReference; lastKnownFileType = sourcecode.swift; path = ViewController.swift; sourceTree = "<group>"; };
		AE319F1028852898002265BB /* Base */ = {isa = PBXFileReference; lastKnownFileType = file.storyboard; name = Base; path = Base.lproj/Main.storyboard; sourceTree = "<group>"; };
		AE319F122885289A002265BB /* Assets.xcassets */ = {isa = PBXFileReference; lastKnownFileType = folder.assetcatalog; path = Assets.xcassets; sourceTree = "<group>"; };
		AE319F152885289A002265BB /* Base */ = {isa = PBXFileReference; lastKnownFileType = file.storyboard; name = Base; path = Base.lproj/LaunchScreen.storyboard; sourceTree = "<group>"; };
		AE319F172885289A002265BB /* Info.plist */ = {isa = PBXFileReference; lastKnownFileType = text.plist.xml; path = Info.plist; sourceTree = "<group>"; };
		AE319F1D288528D0002265BB /* TableViewController.swift */ = {isa = PBXFileReference; lastKnownFileType = sourcecode.swift; path = TableViewController.swift; sourceTree = "<group>"; };
		AE319F1F2885290F002265BB /* Setting.storyboard */ = {isa = PBXFileReference; lastKnownFileType = file.storyboard; path = Setting.storyboard; sourceTree = "<group>"; };
		AE319F212885294F002265BB /* SecondTableViewController.swift */ = {isa = PBXFileReference; lastKnownFileType = sourcecode.swift; path = SecondTableViewController.swift; sourceTree = "<group>"; };
		AE319F2528852B1E002265BB /* SecondTableViewController.storyboard */ = {isa = PBXFileReference; lastKnownFileType = file.storyboard; path = SecondTableViewController.storyboard; sourceTree = "<group>"; };
		AE71D0EB2886300200B10E6C /* NewSettingTableViewController.storyboard */ = {isa = PBXFileReference; lastKnownFileType = file.storyboard; path = NewSettingTableViewController.storyboard; sourceTree = "<group>"; };
		AE71D0ED2886305A00B10E6C /* NewSettingTableViewController.swift */ = {isa = PBXFileReference; lastKnownFileType = sourcecode.swift; path = NewSettingTableViewController.swift; sourceTree = "<group>"; };
		AE71D0EF2886401100B10E6C /* Search.storyboard */ = {isa = PBXFileReference; lastKnownFileType = file.storyboard; path = Search.storyboard; sourceTree = "<group>"; };
		AE71D0F12886404700B10E6C /* Trend.storyboard */ = {isa = PBXFileReference; lastKnownFileType = file.storyboard; path = Trend.storyboard; sourceTree = "<group>"; };
		AE71D0F5288643FA00B10E6C /* TrendViewController.swift */ = {isa = PBXFileReference; lastKnownFileType = sourcecode.swift; path = TrendViewController.swift; sourceTree = "<group>"; };
		AE71D0F92886453200B10E6C /* UIViewController+Extension.swift */ = {isa = PBXFileReference; lastKnownFileType = sourcecode.swift; path = "UIViewController+Extension.swift"; sourceTree = "<group>"; };
		AE71D0FB2886478F00B10E6C /* UITextField+Extension.swift */ = {isa = PBXFileReference; lastKnownFileType = sourcecode.swift; path = "UITextField+Extension.swift"; sourceTree = "<group>"; };
		AE71D0FD28864B9500B10E6C /* BucketlistTableViewController.swift */ = {isa = PBXFileReference; lastKnownFileType = sourcecode.swift; path = BucketlistTableViewController.swift; sourceTree = "<group>"; };
		AE71D0FF28864D9600B10E6C /* BucketlistTableViewCell.swift */ = {isa = PBXFileReference; lastKnownFileType = sourcecode.swift; path = BucketlistTableViewCell.swift; sourceTree = "<group>"; };
		AE71D10228868F6900B10E6C /* Shopping.storyboard */ = {isa = PBXFileReference; lastKnownFileType = file.storyboard; path = Shopping.storyboard; sourceTree = "<group>"; };
		AE71D106288693F000B10E6C /* ShoppingTableViewController.swift */ = {isa = PBXFileReference; lastKnownFileType = sourcecode.swift; path = ShoppingTableViewController.swift; sourceTree = "<group>"; };
		AE71D10C288696F400B10E6C /* ShoppingTableViewCell.swift */ = {isa = PBXFileReference; lastKnownFileType = sourcecode.swift; path = ShoppingTableViewCell.swift; sourceTree = "<group>"; };
		AE71D1102886A94B00B10E6C /* SearchTableViewController.swift */ = {isa = PBXFileReference; lastKnownFileType = sourcecode.swift; path = SearchTableViewController.swift; sourceTree = "<group>"; };
		AE71D1122886AC1F00B10E6C /* SearchTableViewCell.swift */ = {isa = PBXFileReference; lastKnownFileType = sourcecode.swift; path = SearchTableViewCell.swift; sourceTree = "<group>"; };
		AE71D15A2887800200B10E6C /* Setting2.swift */ = {isa = PBXFileReference; lastKnownFileType = sourcecode.swift; path = Setting2.swift; sourceTree = "<group>"; };
		AE71D15E2887804E00B10E6C /* Setting2.storyboard */ = {isa = PBXFileReference; lastKnownFileType = file.storyboard; path = Setting2.storyboard; sourceTree = "<group>"; };
		AE71D1602887871A00B10E6C /* Setting2TableViewController.swift */ = {isa = PBXFileReference; lastKnownFileType = sourcecode.swift; path = Setting2TableViewController.swift; sourceTree = "<group>"; };
		AE71D1622887876800B10E6C /* Setting2TableViewCell.swift */ = {isa = PBXFileReference; lastKnownFileType = sourcecode.swift; path = Setting2TableViewCell.swift; sourceTree = "<group>"; };
		AE71D16428878CA100B10E6C /* MovieStruct.swift */ = {isa = PBXFileReference; lastKnownFileType = sourcecode.swift; path = MovieStruct.swift; sourceTree = "<group>"; };
		AE71D1682887953600B10E6C /* MovieInfo.swift */ = {isa = PBXFileReference; fileEncoding = 4; lastKnownFileType = sourcecode.swift; path = MovieInfo.swift; sourceTree = "<group>"; };
		AE71D16A28879AB100B10E6C /* RecommendCollectionViewController.swift */ = {isa = PBXFileReference; lastKnownFileType = sourcecode.swift; path = RecommendCollectionViewController.swift; sourceTree = "<group>"; };
		AE71D16C28879E1F00B10E6C /* RecommendCollectionViewCell.swift */ = {isa = PBXFileReference; lastKnownFileType = sourcecode.swift; path = RecommendCollectionViewCell.swift; sourceTree = "<group>"; };
		AE95184B28B761E2006AADE5 /* FileManager+Extension.swift */ = {isa = PBXFileReference; lastKnownFileType = sourcecode.swift; path = "FileManager+Extension.swift"; sourceTree = "<group>"; };
		AE95184D28B761EF006AADE5 /* Transition+Extension.swift */ = {isa = PBXFileReference; lastKnownFileType = sourcecode.swift; path = "Transition+Extension.swift"; sourceTree = "<group>"; };
		AE95185128B76986006AADE5 /* BackupViewController.swift */ = {isa = PBXFileReference; lastKnownFileType = sourcecode.swift; path = BackupViewController.swift; sourceTree = "<group>"; };
		AEB365C728B3580500B6F75D /* RealmModel.swift */ = {isa = PBXFileReference; lastKnownFileType = sourcecode.swift; path = RealmModel.swift; sourceTree = "<group>"; };
		AEF685162888E75100BABA4D /* TrendTableViewController.swift */ = {isa = PBXFileReference; lastKnownFileType = sourcecode.swift; path = TrendTableViewController.swift; sourceTree = "<group>"; };
/* End PBXFileReference section */

/* Begin PBXFrameworksBuildPhase section */
		AE319F0328852898002265BB /* Frameworks */ = {
			isa = PBXFrameworksBuildPhase;
			buildActionMask = 2147483647;
			files = (
				AEB365CD28B3583000B6F75D /* RealmSwift in Frameworks */,
				AE95185828B76B89006AADE5 /* Then in Frameworks */,
				AEB365CB28B3583000B6F75D /* Realm in Frameworks */,
				AE95185B28B76F2B006AADE5 /* SnapKit in Frameworks */,
				AE71D1732887AE6700B10E6C /* Toast in Frameworks */,
				AE71D1702887AE4F00B10E6C /* Kingfisher in Frameworks */,
				AE95185528B769E3006AADE5 /* Zip in Frameworks */,
			);
			runOnlyForDeploymentPostprocessing = 0;
		};
/* End PBXFrameworksBuildPhase section */

/* Begin PBXGroup section */
		AE319EFD28852898002265BB = {
			isa = PBXGroup;
			children = (
				AE71D15928877FD900B10E6C /* New Setting */,
				AE71D1092886956400B10E6C /* Shopping */,
				AE319F0828852898002265BB /* TrendMedia */,
				AE319F0728852898002265BB /* Products */,
			);
			sourceTree = "<group>";
		};
		AE319F0728852898002265BB /* Products */ = {
			isa = PBXGroup;
			children = (
				AE319F0628852898002265BB /* TrendMedia.app */,
			);
			name = Products;
			sourceTree = "<group>";
		};
		AE319F0828852898002265BB /* TrendMedia */ = {
			isa = PBXGroup;
			children = (
				AE319F172885289A002265BB /* Info.plist */,
				AE71D0EB2886300200B10E6C /* NewSettingTableViewController.storyboard */,
				AE71D0EF2886401100B10E6C /* Search.storyboard */,
				AE319F2528852B1E002265BB /* SecondTableViewController.storyboard */,
				AE319F1F2885290F002265BB /* Setting.storyboard */,
				AE71D0F12886404700B10E6C /* Trend.storyboard */,
				AEF685162888E75100BABA4D /* TrendTableViewController.swift */,
				AE71D0F5288643FA00B10E6C /* TrendViewController.swift */,
				AE71D16A28879AB100B10E6C /* RecommendCollectionViewController.swift */,
				AE71D16C28879E1F00B10E6C /* RecommendCollectionViewCell.swift */,
				AE71D0FF28864D9600B10E6C /* BucketlistTableViewCell.swift */,
				AE71D0FD28864B9500B10E6C /* BucketlistTableViewController.swift */,
				AE71D0ED2886305A00B10E6C /* NewSettingTableViewController.swift */,
				AE71D1122886AC1F00B10E6C /* SearchTableViewCell.swift */,
				AE71D1102886A94B00B10E6C /* SearchTableViewController.swift */,
				AE319F212885294F002265BB /* SecondTableViewController.swift */,
				AE319F1D288528D0002265BB /* TableViewController.swift */,
				AE71D0FB2886478F00B10E6C /* UITextField+Extension.swift */,
				AE319F0928852898002265BB /* AppDelegate.swift */,
				AE319F0B28852898002265BB /* SceneDelegate.swift */,
				AE319F0D28852898002265BB /* ViewController.swift */,
				AE319F122885289A002265BB /* Assets.xcassets */,
				AE319F142885289A002265BB /* LaunchScreen.storyboard */,
				AE319F0F28852898002265BB /* Main.storyboard */,
			);
			path = TrendMedia;
			sourceTree = "<group>";
		};
		AE71D1092886956400B10E6C /* Shopping */ = {
			isa = PBXGroup;
			children = (
				AE95185028B763AA006AADE5 /* Backup */,
				AE95184A28B761BD006AADE5 /* Extension */,
				AEB365C628B357F900B6F75D /* Realm */,
				AE95184F28B7639B006AADE5 /* ShoppingMain */,
			);
			path = Shopping;
			sourceTree = "<group>";
		};
		AE71D15928877FD900B10E6C /* New Setting */ = {
			isa = PBXGroup;
			children = (
				AE71D15A2887800200B10E6C /* Setting2.swift */,
				AE71D1602887871A00B10E6C /* Setting2TableViewController.swift */,
				AE71D16428878CA100B10E6C /* MovieStruct.swift */,
				AE71D1682887953600B10E6C /* MovieInfo.swift */,
				AE71D1622887876800B10E6C /* Setting2TableViewCell.swift */,
				AE71D15E2887804E00B10E6C /* Setting2.storyboard */,
			);
			path = "New Setting";
			sourceTree = "<group>";
		};
		AE95184A28B761BD006AADE5 /* Extension */ = {
			isa = PBXGroup;
			children = (
				AE95184B28B761E2006AADE5 /* FileManager+Extension.swift */,
				AE95184D28B761EF006AADE5 /* Transition+Extension.swift */,
				AE71D0F92886453200B10E6C /* UIViewController+Extension.swift */,
			);
			path = Extension;
			sourceTree = "<group>";
		};
		AE95184F28B7639B006AADE5 /* ShoppingMain */ = {
			isa = PBXGroup;
			children = (
				AE71D10228868F6900B10E6C /* Shopping.storyboard */,
				AE71D10C288696F400B10E6C /* ShoppingTableViewCell.swift */,
				AE71D106288693F000B10E6C /* ShoppingTableViewController.swift */,
			);
			path = ShoppingMain;
			sourceTree = "<group>";
		};
		AE95185028B763AA006AADE5 /* Backup */ = {
			isa = PBXGroup;
			children = (
				AE95185128B76986006AADE5 /* BackupViewController.swift */,
			);
			path = Backup;
			sourceTree = "<group>";
		};
		AEB365C628B357F900B6F75D /* Realm */ = {
			isa = PBXGroup;
			children = (
				AEB365C728B3580500B6F75D /* RealmModel.swift */,
			);
			path = Realm;
			sourceTree = "<group>";
		};
/* End PBXGroup section */

/* Begin PBXNativeTarget section */
		AE319F0528852898002265BB /* TrendMedia */ = {
			isa = PBXNativeTarget;
			buildConfigurationList = AE319F1A2885289A002265BB /* Build configuration list for PBXNativeTarget "TrendMedia" */;
			buildPhases = (
				AE319F0228852898002265BB /* Sources */,
				AE319F0328852898002265BB /* Frameworks */,
				AE319F0428852898002265BB /* Resources */,
			);
			buildRules = (
			);
			dependencies = (
			);
			name = TrendMedia;
			packageProductDependencies = (
				AE71D16F2887AE4F00B10E6C /* Kingfisher */,
				AE71D1722887AE6700B10E6C /* Toast */,
				AEB365CA28B3583000B6F75D /* Realm */,
				AEB365CC28B3583000B6F75D /* RealmSwift */,
				AE95185428B769E3006AADE5 /* Zip */,
				AE95185728B76B89006AADE5 /* Then */,
				AE95185A28B76F2B006AADE5 /* SnapKit */,
			);
			productName = TrendMeida;
			productReference = AE319F0628852898002265BB /* TrendMedia.app */;
			productType = "com.apple.product-type.application";
		};
/* End PBXNativeTarget section */

/* Begin PBXProject section */
		AE319EFE28852898002265BB /* Project object */ = {
			isa = PBXProject;
			attributes = {
				BuildIndependentTargetsInParallel = 1;
				LastSwiftUpdateCheck = 1340;
				LastUpgradeCheck = 1340;
				TargetAttributes = {
					AE319F0528852898002265BB = {
						CreatedOnToolsVersion = 13.4.1;
					};
				};
			};
			buildConfigurationList = AE319F0128852898002265BB /* Build configuration list for PBXProject "TrendMedia" */;
			compatibilityVersion = "Xcode 13.0";
			developmentRegion = en;
			hasScannedForEncodings = 0;
			knownRegions = (
				en,
				Base,
			);
			mainGroup = AE319EFD28852898002265BB;
			packageReferences = (
				AE71D16E2887AE4F00B10E6C /* XCRemoteSwiftPackageReference "Kingfisher" */,
				AE71D1712887AE6700B10E6C /* XCRemoteSwiftPackageReference "Toast-Swift" */,
				AEB365C928B3583000B6F75D /* XCRemoteSwiftPackageReference "realm-swift" */,
				AE95185328B769E3006AADE5 /* XCRemoteSwiftPackageReference "Zip" */,
				AE95185628B76B88006AADE5 /* XCRemoteSwiftPackageReference "Then" */,
				AE95185928B76F2B006AADE5 /* XCRemoteSwiftPackageReference "SnapKit" */,
			);
			productRefGroup = AE319F0728852898002265BB /* Products */;
			projectDirPath = "";
			projectRoot = "";
			targets = (
				AE319F0528852898002265BB /* TrendMedia */,
			);
		};
/* End PBXProject section */

/* Begin PBXResourcesBuildPhase section */
		AE319F0428852898002265BB /* Resources */ = {
			isa = PBXResourcesBuildPhase;
			buildActionMask = 2147483647;
			files = (
				AE71D0EC2886300200B10E6C /* NewSettingTableViewController.storyboard in Resources */,
				AE71D15F2887804E00B10E6C /* Setting2.storyboard in Resources */,
				AE319F162885289A002265BB /* LaunchScreen.storyboard in Resources */,
				AE319F2628852B1E002265BB /* SecondTableViewController.storyboard in Resources */,
				AE319F132885289A002265BB /* Assets.xcassets in Resources */,
				AE71D0F22886404700B10E6C /* Trend.storyboard in Resources */,
				AE71D0F02886401100B10E6C /* Search.storyboard in Resources */,
				AE319F1128852898002265BB /* Main.storyboard in Resources */,
				AE71D10328868F6900B10E6C /* Shopping.storyboard in Resources */,
				AE319F202885290F002265BB /* Setting.storyboard in Resources */,
			);
			runOnlyForDeploymentPostprocessing = 0;
		};
/* End PBXResourcesBuildPhase section */

/* Begin PBXSourcesBuildPhase section */
		AE319F0228852898002265BB /* Sources */ = {
			isa = PBXSourcesBuildPhase;
			buildActionMask = 2147483647;
			files = (
				AE71D0FA2886453200B10E6C /* UIViewController+Extension.swift in Sources */,
				AE71D16B28879AB100B10E6C /* RecommendCollectionViewController.swift in Sources */,
				AE71D10028864D9600B10E6C /* BucketlistTableViewCell.swift in Sources */,
				AE319F1E288528D0002265BB /* TableViewController.swift in Sources */,
				AE71D1112886A94B00B10E6C /* SearchTableViewController.swift in Sources */,
				AE71D0EE2886305A00B10E6C /* NewSettingTableViewController.swift in Sources */,
				AE95184E28B761EF006AADE5 /* Transition+Extension.swift in Sources */,
				AE71D10D288696F400B10E6C /* ShoppingTableViewCell.swift in Sources */,
				AE71D16D28879E1F00B10E6C /* RecommendCollectionViewCell.swift in Sources */,
				AE71D1692887953700B10E6C /* MovieInfo.swift in Sources */,
				AE319F0E28852898002265BB /* ViewController.swift in Sources */,
				AE71D107288693F000B10E6C /* ShoppingTableViewController.swift in Sources */,
				AE95184C28B761E2006AADE5 /* FileManager+Extension.swift in Sources */,
				AE71D0FC2886478F00B10E6C /* UITextField+Extension.swift in Sources */,
				AE71D15C2887800200B10E6C /* Setting2.swift in Sources */,
				AEB365C828B3580500B6F75D /* RealmModel.swift in Sources */,
				AE71D1132886AC1F00B10E6C /* SearchTableViewCell.swift in Sources */,
				AE95185228B76986006AADE5 /* BackupViewController.swift in Sources */,
				AEF685172888E75100BABA4D /* TrendTableViewController.swift in Sources */,
				AE71D1632887876800B10E6C /* Setting2TableViewCell.swift in Sources */,
				AE319F232885294F002265BB /* SecondTableViewController.swift in Sources */,
				AE71D16528878CA100B10E6C /* MovieStruct.swift in Sources */,
				AE71D1612887871A00B10E6C /* Setting2TableViewController.swift in Sources */,
				AE71D0F6288643FA00B10E6C /* TrendViewController.swift in Sources */,
				AE319F0A28852898002265BB /* AppDelegate.swift in Sources */,
				AE71D0FE28864B9500B10E6C /* BucketlistTableViewController.swift in Sources */,
				AE319F0C28852898002265BB /* SceneDelegate.swift in Sources */,
			);
			runOnlyForDeploymentPostprocessing = 0;
		};
/* End PBXSourcesBuildPhase section */

/* Begin PBXVariantGroup section */
		AE319F0F28852898002265BB /* Main.storyboard */ = {
			isa = PBXVariantGroup;
			children = (
				AE319F1028852898002265BB /* Base */,
			);
			name = Main.storyboard;
			sourceTree = "<group>";
		};
		AE319F142885289A002265BB /* LaunchScreen.storyboard */ = {
			isa = PBXVariantGroup;
			children = (
				AE319F152885289A002265BB /* Base */,
			);
			name = LaunchScreen.storyboard;
			sourceTree = "<group>";
		};
/* End PBXVariantGroup section */

/* Begin XCBuildConfiguration section */
		AE319F182885289A002265BB /* Debug */ = {
			isa = XCBuildConfiguration;
			buildSettings = {
				ALWAYS_SEARCH_USER_PATHS = NO;
				CLANG_ANALYZER_NONNULL = YES;
				CLANG_ANALYZER_NUMBER_OBJECT_CONVERSION = YES_AGGRESSIVE;
				CLANG_CXX_LANGUAGE_STANDARD = "gnu++17";
				CLANG_ENABLE_MODULES = YES;
				CLANG_ENABLE_OBJC_ARC = YES;
				CLANG_ENABLE_OBJC_WEAK = YES;
				CLANG_WARN_BLOCK_CAPTURE_AUTORELEASING = YES;
				CLANG_WARN_BOOL_CONVERSION = YES;
				CLANG_WARN_COMMA = YES;
				CLANG_WARN_CONSTANT_CONVERSION = YES;
				CLANG_WARN_DEPRECATED_OBJC_IMPLEMENTATIONS = YES;
				CLANG_WARN_DIRECT_OBJC_ISA_USAGE = YES_ERROR;
				CLANG_WARN_DOCUMENTATION_COMMENTS = YES;
				CLANG_WARN_EMPTY_BODY = YES;
				CLANG_WARN_ENUM_CONVERSION = YES;
				CLANG_WARN_INFINITE_RECURSION = YES;
				CLANG_WARN_INT_CONVERSION = YES;
				CLANG_WARN_NON_LITERAL_NULL_CONVERSION = YES;
				CLANG_WARN_OBJC_IMPLICIT_RETAIN_SELF = YES;
				CLANG_WARN_OBJC_LITERAL_CONVERSION = YES;
				CLANG_WARN_OBJC_ROOT_CLASS = YES_ERROR;
				CLANG_WARN_QUOTED_INCLUDE_IN_FRAMEWORK_HEADER = YES;
				CLANG_WARN_RANGE_LOOP_ANALYSIS = YES;
				CLANG_WARN_STRICT_PROTOTYPES = YES;
				CLANG_WARN_SUSPICIOUS_MOVE = YES;
				CLANG_WARN_UNGUARDED_AVAILABILITY = YES_AGGRESSIVE;
				CLANG_WARN_UNREACHABLE_CODE = YES;
				CLANG_WARN__DUPLICATE_METHOD_MATCH = YES;
				COPY_PHASE_STRIP = NO;
				DEBUG_INFORMATION_FORMAT = dwarf;
				ENABLE_STRICT_OBJC_MSGSEND = YES;
				ENABLE_TESTABILITY = YES;
				GCC_C_LANGUAGE_STANDARD = gnu11;
				GCC_DYNAMIC_NO_PIC = NO;
				GCC_NO_COMMON_BLOCKS = YES;
				GCC_OPTIMIZATION_LEVEL = 0;
				GCC_PREPROCESSOR_DEFINITIONS = (
					"DEBUG=1",
					"$(inherited)",
				);
				GCC_WARN_64_TO_32_BIT_CONVERSION = YES;
				GCC_WARN_ABOUT_RETURN_TYPE = YES_ERROR;
				GCC_WARN_UNDECLARED_SELECTOR = YES;
				GCC_WARN_UNINITIALIZED_AUTOS = YES_AGGRESSIVE;
				GCC_WARN_UNUSED_FUNCTION = YES;
				GCC_WARN_UNUSED_VARIABLE = YES;
				IPHONEOS_DEPLOYMENT_TARGET = 15.5;
				MTL_ENABLE_DEBUG_INFO = INCLUDE_SOURCE;
				MTL_FAST_MATH = YES;
				ONLY_ACTIVE_ARCH = YES;
				SDKROOT = iphoneos;
				SWIFT_ACTIVE_COMPILATION_CONDITIONS = DEBUG;
				SWIFT_OPTIMIZATION_LEVEL = "-Onone";
			};
			name = Debug;
		};
		AE319F192885289A002265BB /* Release */ = {
			isa = XCBuildConfiguration;
			buildSettings = {
				ALWAYS_SEARCH_USER_PATHS = NO;
				CLANG_ANALYZER_NONNULL = YES;
				CLANG_ANALYZER_NUMBER_OBJECT_CONVERSION = YES_AGGRESSIVE;
				CLANG_CXX_LANGUAGE_STANDARD = "gnu++17";
				CLANG_ENABLE_MODULES = YES;
				CLANG_ENABLE_OBJC_ARC = YES;
				CLANG_ENABLE_OBJC_WEAK = YES;
				CLANG_WARN_BLOCK_CAPTURE_AUTORELEASING = YES;
				CLANG_WARN_BOOL_CONVERSION = YES;
				CLANG_WARN_COMMA = YES;
				CLANG_WARN_CONSTANT_CONVERSION = YES;
				CLANG_WARN_DEPRECATED_OBJC_IMPLEMENTATIONS = YES;
				CLANG_WARN_DIRECT_OBJC_ISA_USAGE = YES_ERROR;
				CLANG_WARN_DOCUMENTATION_COMMENTS = YES;
				CLANG_WARN_EMPTY_BODY = YES;
				CLANG_WARN_ENUM_CONVERSION = YES;
				CLANG_WARN_INFINITE_RECURSION = YES;
				CLANG_WARN_INT_CONVERSION = YES;
				CLANG_WARN_NON_LITERAL_NULL_CONVERSION = YES;
				CLANG_WARN_OBJC_IMPLICIT_RETAIN_SELF = YES;
				CLANG_WARN_OBJC_LITERAL_CONVERSION = YES;
				CLANG_WARN_OBJC_ROOT_CLASS = YES_ERROR;
				CLANG_WARN_QUOTED_INCLUDE_IN_FRAMEWORK_HEADER = YES;
				CLANG_WARN_RANGE_LOOP_ANALYSIS = YES;
				CLANG_WARN_STRICT_PROTOTYPES = YES;
				CLANG_WARN_SUSPICIOUS_MOVE = YES;
				CLANG_WARN_UNGUARDED_AVAILABILITY = YES_AGGRESSIVE;
				CLANG_WARN_UNREACHABLE_CODE = YES;
				CLANG_WARN__DUPLICATE_METHOD_MATCH = YES;
				COPY_PHASE_STRIP = NO;
				DEBUG_INFORMATION_FORMAT = "dwarf-with-dsym";
				ENABLE_NS_ASSERTIONS = NO;
				ENABLE_STRICT_OBJC_MSGSEND = YES;
				GCC_C_LANGUAGE_STANDARD = gnu11;
				GCC_NO_COMMON_BLOCKS = YES;
				GCC_WARN_64_TO_32_BIT_CONVERSION = YES;
				GCC_WARN_ABOUT_RETURN_TYPE = YES_ERROR;
				GCC_WARN_UNDECLARED_SELECTOR = YES;
				GCC_WARN_UNINITIALIZED_AUTOS = YES_AGGRESSIVE;
				GCC_WARN_UNUSED_FUNCTION = YES;
				GCC_WARN_UNUSED_VARIABLE = YES;
				IPHONEOS_DEPLOYMENT_TARGET = 15.5;
				MTL_ENABLE_DEBUG_INFO = NO;
				MTL_FAST_MATH = YES;
				SDKROOT = iphoneos;
				SWIFT_COMPILATION_MODE = wholemodule;
				SWIFT_OPTIMIZATION_LEVEL = "-O";
				VALIDATE_PRODUCT = YES;
			};
			name = Release;
		};
		AE319F1B2885289A002265BB /* Debug */ = {
			isa = XCBuildConfiguration;
			buildSettings = {
				ASSETCATALOG_COMPILER_APPICON_NAME = AppIcon;
				ASSETCATALOG_COMPILER_GLOBAL_ACCENT_COLOR_NAME = AccentColor;
				CODE_SIGN_STYLE = Automatic;
				CURRENT_PROJECT_VERSION = 1;
				GENERATE_INFOPLIST_FILE = YES;
				INFOPLIST_FILE = TrendMedia/Info.plist;
				INFOPLIST_KEY_UIApplicationSupportsIndirectInputEvents = YES;
				INFOPLIST_KEY_UILaunchStoryboardName = LaunchScreen;
				INFOPLIST_KEY_UIMainStoryboardFile = Trend;
				INFOPLIST_KEY_UISupportedInterfaceOrientations = "UIInterfaceOrientationPortrait UIInterfaceOrientationLandscapeLeft UIInterfaceOrientationLandscapeRight";
				INFOPLIST_KEY_UISupportedInterfaceOrientations_iPad = "UIInterfaceOrientationPortrait UIInterfaceOrientationPortraitUpsideDown UIInterfaceOrientationLandscapeLeft UIInterfaceOrientationLandscapeRight";
				INFOPLIST_KEY_UISupportedInterfaceOrientations_iPhone = "UIInterfaceOrientationPortrait UIInterfaceOrientationLandscapeLeft UIInterfaceOrientationLandscapeRight";
				LD_RUNPATH_SEARCH_PATHS = (
					"$(inherited)",
					"@executable_path/Frameworks",
				);
				MARKETING_VERSION = 1.0;
				PRODUCT_BUNDLE_IDENTIFIER = yeojin.SeSAC.TrendMedia;
				PRODUCT_NAME = "$(TARGET_NAME)";
				SWIFT_EMIT_LOC_STRINGS = YES;
				SWIFT_VERSION = 5.0;
				TARGETED_DEVICE_FAMILY = 1;
			};
			name = Debug;
		};
		AE319F1C2885289A002265BB /* Release */ = {
			isa = XCBuildConfiguration;
			buildSettings = {
				ASSETCATALOG_COMPILER_APPICON_NAME = AppIcon;
				ASSETCATALOG_COMPILER_GLOBAL_ACCENT_COLOR_NAME = AccentColor;
				CODE_SIGN_STYLE = Automatic;
				CURRENT_PROJECT_VERSION = 1;
				GENERATE_INFOPLIST_FILE = YES;
				INFOPLIST_FILE = TrendMedia/Info.plist;
				INFOPLIST_KEY_UIApplicationSupportsIndirectInputEvents = YES;
				INFOPLIST_KEY_UILaunchStoryboardName = LaunchScreen;
				INFOPLIST_KEY_UIMainStoryboardFile = Trend;
				INFOPLIST_KEY_UISupportedInterfaceOrientations = "UIInterfaceOrientationPortrait UIInterfaceOrientationLandscapeLeft UIInterfaceOrientationLandscapeRight";
				INFOPLIST_KEY_UISupportedInterfaceOrientations_iPad = "UIInterfaceOrientationPortrait UIInterfaceOrientationPortraitUpsideDown UIInterfaceOrientationLandscapeLeft UIInterfaceOrientationLandscapeRight";
				INFOPLIST_KEY_UISupportedInterfaceOrientations_iPhone = "UIInterfaceOrientationPortrait UIInterfaceOrientationLandscapeLeft UIInterfaceOrientationLandscapeRight";
				LD_RUNPATH_SEARCH_PATHS = (
					"$(inherited)",
					"@executable_path/Frameworks",
				);
				MARKETING_VERSION = 1.0;
				PRODUCT_BUNDLE_IDENTIFIER = yeojin.SeSAC.TrendMedia;
				PRODUCT_NAME = "$(TARGET_NAME)";
				SWIFT_EMIT_LOC_STRINGS = YES;
				SWIFT_VERSION = 5.0;
				TARGETED_DEVICE_FAMILY = 1;
			};
			name = Release;
		};
/* End XCBuildConfiguration section */

/* Begin XCConfigurationList section */
		AE319F0128852898002265BB /* Build configuration list for PBXProject "TrendMedia" */ = {
			isa = XCConfigurationList;
			buildConfigurations = (
				AE319F182885289A002265BB /* Debug */,
				AE319F192885289A002265BB /* Release */,
			);
			defaultConfigurationIsVisible = 0;
			defaultConfigurationName = Release;
		};
		AE319F1A2885289A002265BB /* Build configuration list for PBXNativeTarget "TrendMedia" */ = {
			isa = XCConfigurationList;
			buildConfigurations = (
				AE319F1B2885289A002265BB /* Debug */,
				AE319F1C2885289A002265BB /* Release */,
			);
			defaultConfigurationIsVisible = 0;
			defaultConfigurationName = Release;
		};
/* End XCConfigurationList section */

/* Begin XCRemoteSwiftPackageReference section */
		AE71D16E2887AE4F00B10E6C /* XCRemoteSwiftPackageReference "Kingfisher" */ = {
			isa = XCRemoteSwiftPackageReference;
			repositoryURL = "https://github.com/onevcat/Kingfisher.git";
			requirement = {
				kind = upToNextMajorVersion;
				minimumVersion = 7.0.0;
			};
		};
		AE71D1712887AE6700B10E6C /* XCRemoteSwiftPackageReference "Toast-Swift" */ = {
			isa = XCRemoteSwiftPackageReference;
			repositoryURL = "https://github.com/scalessec/Toast-Swift.git";
			requirement = {
				kind = upToNextMajorVersion;
				minimumVersion = 5.0.0;
			};
		};
		AE95185328B769E3006AADE5 /* XCRemoteSwiftPackageReference "Zip" */ = {
			isa = XCRemoteSwiftPackageReference;
			repositoryURL = "https://github.com/marmelroy/Zip.git";
			requirement = {
				kind = upToNextMajorVersion;
				minimumVersion = 2.0.0;
			};
		};
		AE95185628B76B88006AADE5 /* XCRemoteSwiftPackageReference "Then" */ = {
			isa = XCRemoteSwiftPackageReference;
			repositoryURL = "https://github.com/devxoul/Then";
			requirement = {
				kind = upToNextMajorVersion;
				minimumVersion = 3.0.0;
			};
		};
		AE95185928B76F2B006AADE5 /* XCRemoteSwiftPackageReference "SnapKit" */ = {
			isa = XCRemoteSwiftPackageReference;
			repositoryURL = "https://github.com/SnapKit/SnapKit";
			requirement = {
				kind = upToNextMajorVersion;
				minimumVersion = 5.0.0;
			};
		};
		AEB365C928B3583000B6F75D /* XCRemoteSwiftPackageReference "realm-swift" */ = {
			isa = XCRemoteSwiftPackageReference;
			repositoryURL = "https://github.com/realm/realm-swift.git";
			requirement = {
				kind = upToNextMajorVersion;
				minimumVersion = 10.0.0;
			};
		};
/* End XCRemoteSwiftPackageReference section */

/* Begin XCSwiftPackageProductDependency section */
		AE71D16F2887AE4F00B10E6C /* Kingfisher */ = {
			isa = XCSwiftPackageProductDependency;
			package = AE71D16E2887AE4F00B10E6C /* XCRemoteSwiftPackageReference "Kingfisher" */;
			productName = Kingfisher;
		};
		AE71D1722887AE6700B10E6C /* Toast */ = {
			isa = XCSwiftPackageProductDependency;
			package = AE71D1712887AE6700B10E6C /* XCRemoteSwiftPackageReference "Toast-Swift" */;
			productName = Toast;
		};
		AE95185428B769E3006AADE5 /* Zip */ = {
			isa = XCSwiftPackageProductDependency;
			package = AE95185328B769E3006AADE5 /* XCRemoteSwiftPackageReference "Zip" */;
			productName = Zip;
		};
		AE95185728B76B89006AADE5 /* Then */ = {
			isa = XCSwiftPackageProductDependency;
			package = AE95185628B76B88006AADE5 /* XCRemoteSwiftPackageReference "Then" */;
			productName = Then;
		};
		AE95185A28B76F2B006AADE5 /* SnapKit */ = {
			isa = XCSwiftPackageProductDependency;
			package = AE95185928B76F2B006AADE5 /* XCRemoteSwiftPackageReference "SnapKit" */;
			productName = SnapKit;
		};
		AEB365CA28B3583000B6F75D /* Realm */ = {
			isa = XCSwiftPackageProductDependency;
			package = AEB365C928B3583000B6F75D /* XCRemoteSwiftPackageReference "realm-swift" */;
			productName = Realm;
		};
		AEB365CC28B3583000B6F75D /* RealmSwift */ = {
			isa = XCSwiftPackageProductDependency;
			package = AEB365C928B3583000B6F75D /* XCRemoteSwiftPackageReference "realm-swift" */;
			productName = RealmSwift;
		};
/* End XCSwiftPackageProductDependency section */
	};
	rootObject = AE319EFE28852898002265BB /* Project object */;
}
